
Microsoft Visual Studio Solution File, Format Version 11.00
# Visual Studio 2010
Project("{FAE04EC0-301F-11D3-BF4B-00C04F79EFBC}") = "Gplayer", "Gplayer\Gplayer.csproj", "{59E4CAB9-B322-4662-A960-6CA51EA6822C}"
EndProject
Project("{54435603-DBB4-11D2-8724-00A0C9A8B90C}") = "Setup", "Setup\Setup.vdproj", "{CCB696A2-10EB-497B-A763-4AAB211AFD55}"
EndProject
Global
	GlobalSection(SolutionConfigurationPlatforms) = preSolution
		Debug|x86 = Debug|x86
		Release|x86 = Release|x86
	EndGlobalSection
	GlobalSection(ProjectConfigurationPlatforms) = postSolution
		{59E4CAB9-B322-4662-A960-6CA51EA6822C}.Debug|x86.ActiveCfg = Debug|x86
		{59E4CAB9-B322-4662-A960-6CA51EA6822C}.Debug|x86.Build.0 = Debug|x86
		{59E4CAB9-B322-4662-A960-6CA51EA6822C}.Release|x86.ActiveCfg = Release|x86
		{59E4CAB9-B322-4662-A960-6CA51EA6822C}.Release|x86.Build.0 = Release|x86
		{CCB696A2-10EB-497B-A763-4AAB211AFD55}.Debug|x86.ActiveCfg = Debug
		{CCB696A2-10EB-497B-A763-4AAB211AFD55}.Release|x86.ActiveCfg = Release
	EndGlobalSection
	GlobalSection(SolutionProperties) = preSolution
		HideSolutionNode = FALSE
	EndGlobalSection
EndGlobal
